
Microsoft Visual Studio Solution File, Format Version 12.00
# Visual Studio 15
VisualStudioVersion = 15.0.28307.329
MinimumVisualStudioVersion = 10.0.40219.1
Project("{FAE04EC0-301F-11D3-BF4B-00C04F79EFBC}") = "Moving-Mountains", "Moving-Mountains\Moving-Mountains.csproj", "{B2614C59-8EA4-4DC4-8857-B859CA60FA54}"
EndProject
Project("{FAE04EC0-301F-11D3-BF4B-00C04F79EFBC}") = "Moving-Mountains.Tests", "Moving-Mountains.Tests\Moving-Mountains.Tests.csproj", "{0A4BF8C1-9BF1-45FF-A08B-D8CE643FD2AE}"
EndProject
Global
	GlobalSection(SolutionConfigurationPlatforms) = preSolution
		Debug|Any CPU = Debug|Any CPU
		Release|Any CPU = Release|Any CPU
	EndGlobalSection
	GlobalSection(ProjectConfigurationPlatforms) = postSolution
		{B2614C59-8EA4-4DC4-8857-B859CA60FA54}.Debug|Any CPU.ActiveCfg = Debug|Any CPU
		{B2614C59-8EA4-4DC4-8857-B859CA60FA54}.Debug|Any CPU.Build.0 = Debug|Any CPU
		{B2614C59-8EA4-4DC4-8857-B859CA60FA54}.Release|Any CPU.ActiveCfg = Release|Any CPU
		{B2614C59-8EA4-4DC4-8857-B859CA60FA54}.Release|Any CPU.Build.0 = Release|Any CPU
		{0A4BF8C1-9BF1-45FF-A08B-D8CE643FD2AE}.Debug|Any CPU.ActiveCfg = Debug|Any CPU
		{0A4BF8C1-9BF1-45FF-A08B-D8CE643FD2AE}.Debug|Any CPU.Build.0 = Debug|Any CPU
		{0A4BF8C1-9BF1-45FF-A08B-D8CE643FD2AE}.Release|Any CPU.ActiveCfg = Release|Any CPU
		{0A4BF8C1-9BF1-45FF-A08B-D8CE643FD2AE}.Release|Any CPU.Build.0 = Release|Any CPU
	EndGlobalSection
	GlobalSection(SolutionProperties) = preSolution
		HideSolutionNode = FALSE
	EndGlobalSection
	GlobalSection(ExtensibilityGlobals) = postSolution
		SolutionGuid = {96765AFA-3F42-4CFB-A2CA-6E6B35ECD0CC}
	EndGlobalSection
EndGlobal
